
Microsoft Visual Studio Solution File, Format Version 12.00
# Visual Studio Version 17
VisualStudioVersion = 17.0.31903.59
MinimumVisualStudioVersion = 10.0.40219.1
Project("{FAE04EC0-301F-11D3-BF4B-00C04F79EFBC}") = "Scriptube.API.Tests", "Scriptube.API.Tests\Scriptube.API.Tests.csproj", "{68878169-CFCE-4314-BB9A-3FBE6C9561BE}"
EndProject
Project("{FAE04EC0-301F-11D3-BF4B-00C04F79EFBC}") = "Scriptube.UI.Tests", "Scriptube.UI.Tests\Scriptube.UI.Tests.csproj", "{D3FA23D7-EB3F-48DD-B253-05CA86880201}"
EndProject
Project("{FAE04EC0-301F-11D3-BF4B-00C04F79EFBC}") = "Scriptube.Webhook.Receiver", "Scriptube.Webhook.Receiver\Scriptube.Webhook.Receiver.csproj", "{5FE240C3-6964-4DEC-8F12-358FD6EE9C32}"
EndProject
Project("{FAE04EC0-301F-11D3-BF4B-00C04F79EFBC}") = "Scriptube.Webhook.Tests", "Scriptube.Webhook.Tests\Scriptube.Webhook.Tests.csproj", "{A4601A9F-EC62-449B-A5E3-A48C45FDBFAA}"
EndProject
Global
	GlobalSection(SolutionConfigurationPlatforms) = preSolution
		Debug|Any CPU = Debug|Any CPU
		Debug|x64 = Debug|x64
		Debug|x86 = Debug|x86
		Release|Any CPU = Release|Any CPU
		Release|x64 = Release|x64
		Release|x86 = Release|x86
	EndGlobalSection
	GlobalSection(ProjectConfigurationPlatforms) = postSolution
		{68878169-CFCE-4314-BB9A-3FBE6C9561BE}.Debug|Any CPU.ActiveCfg = Debug|Any CPU
		{68878169-CFCE-4314-BB9A-3FBE6C9561BE}.Debug|Any CPU.Build.0 = Debug|Any CPU
		{68878169-CFCE-4314-BB9A-3FBE6C9561BE}.Debug|x64.ActiveCfg = Debug|Any CPU
		{68878169-CFCE-4314-BB9A-3FBE6C9561BE}.Debug|x64.Build.0 = Debug|Any CPU
		{68878169-CFCE-4314-BB9A-3FBE6C9561BE}.Debug|x86.ActiveCfg = Debug|Any CPU
		{68878169-CFCE-4314-BB9A-3FBE6C9561BE}.Debug|x86.Build.0 = Debug|Any CPU
		{68878169-CFCE-4314-BB9A-3FBE6C9561BE}.Release|Any CPU.ActiveCfg = Release|Any CPU
		{68878169-CFCE-4314-BB9A-3FBE6C9561BE}.Release|Any CPU.Build.0 = Release|Any CPU
		{68878169-CFCE-4314-BB9A-3FBE6C9561BE}.Release|x64.ActiveCfg = Release|Any CPU
		{68878169-CFCE-4314-BB9A-3FBE6C9561BE}.Release|x64.Build.0 = Release|Any CPU
		{68878169-CFCE-4314-BB9A-3FBE6C9561BE}.Release|x86.ActiveCfg = Release|Any CPU
		{68878169-CFCE-4314-BB9A-3FBE6C9561BE}.Release|x86.Build.0 = Release|Any CPU
		{D3FA23D7-EB3F-48DD-B253-05CA86880201}.Debug|Any CPU.ActiveCfg = Debug|Any CPU
		{D3FA23D7-EB3F-48DD-B253-05CA86880201}.Debug|Any CPU.Build.0 = Debug|Any CPU
		{D3FA23D7-EB3F-48DD-B253-05CA86880201}.Debug|x64.ActiveCfg = Debug|Any CPU
		{D3FA23D7-EB3F-48DD-B253-05CA86880201}.Debug|x64.Build.0 = Debug|Any CPU
		{D3FA23D7-EB3F-48DD-B253-05CA86880201}.Debug|x86.ActiveCfg = Debug|Any CPU
		{D3FA23D7-EB3F-48DD-B253-05CA86880201}.Debug|x86.Build.0 = Debug|Any CPU
		{D3FA23D7-EB3F-48DD-B253-05CA86880201}.Release|Any CPU.ActiveCfg = Release|Any CPU
		{D3FA23D7-EB3F-48DD-B253-05CA86880201}.Release|Any CPU.Build.0 = Release|Any CPU
		{D3FA23D7-EB3F-48DD-B253-05CA86880201}.Release|x64.ActiveCfg = Release|Any CPU
		{D3FA23D7-EB3F-48DD-B253-05CA86880201}.Release|x64.Build.0 = Release|Any CPU
		{D3FA23D7-EB3F-48DD-B253-05CA86880201}.Release|x86.ActiveCfg = Release|Any CPU
		{D3FA23D7-EB3F-48DD-B253-05CA86880201}.Release|x86.Build.0 = Release|Any CPU
		{5FE240C3-6964-4DEC-8F12-358FD6EE9C32}.Debug|Any CPU.ActiveCfg = Debug|Any CPU
		{5FE240C3-6964-4DEC-8F12-358FD6EE9C32}.Debug|Any CPU.Build.0 = Debug|Any CPU
		{5FE240C3-6964-4DEC-8F12-358FD6EE9C32}.Debug|x64.ActiveCfg = Debug|Any CPU
		{5FE240C3-6964-4DEC-8F12-358FD6EE9C32}.Debug|x64.Build.0 = Debug|Any CPU
		{5FE240C3-6964-4DEC-8F12-358FD6EE9C32}.Debug|x86.ActiveCfg = Debug|Any CPU
		{5FE240C3-6964-4DEC-8F12-358FD6EE9C32}.Debug|x86.Build.0 = Debug|Any CPU
		{5FE240C3-6964-4DEC-8F12-358FD6EE9C32}.Release|Any CPU.ActiveCfg = Release|Any CPU
		{5FE240C3-6964-4DEC-8F12-358FD6EE9C32}.Release|Any CPU.Build.0 = Release|Any CPU
		{5FE240C3-6964-4DEC-8F12-358FD6EE9C32}.Release|x64.ActiveCfg = Release|Any CPU
		{5FE240C3-6964-4DEC-8F12-358FD6EE9C32}.Release|x64.Build.0 = Release|Any CPU
		{5FE240C3-6964-4DEC-8F12-358FD6EE9C32}.Release|x86.ActiveCfg = Release|Any CPU
		{5FE240C3-6964-4DEC-8F12-358FD6EE9C32}.Release|x86.Build.0 = Release|Any CPU
		{A4601A9F-EC62-449B-A5E3-A48C45FDBFAA}.Debug|Any CPU.ActiveCfg = Debug|Any CPU
		{A4601A9F-EC62-449B-A5E3-A48C45FDBFAA}.Debug|Any CPU.Build.0 = Debug|Any CPU
		{A4601A9F-EC62-449B-A5E3-A48C45FDBFAA}.Debug|x64.ActiveCfg = Debug|Any CPU
		{A4601A9F-EC62-449B-A5E3-A48C45FDBFAA}.Debug|x64.Build.0 = Debug|Any CPU
		{A4601A9F-EC62-449B-A5E3-A48C45FDBFAA}.Debug|x86.ActiveCfg = Debug|Any CPU
		{A4601A9F-EC62-449B-A5E3-A48C45FDBFAA}.Debug|x86.Build.0 = Debug|Any CPU
		{A4601A9F-EC62-449B-A5E3-A48C45FDBFAA}.Release|Any CPU.ActiveCfg = Release|Any CPU
		{A4601A9F-EC62-449B-A5E3-A48C45FDBFAA}.Release|Any CPU.Build.0 = Release|Any CPU
		{A4601A9F-EC62-449B-A5E3-A48C45FDBFAA}.Release|x64.ActiveCfg = Release|Any CPU
		{A4601A9F-EC62-449B-A5E3-A48C45FDBFAA}.Release|x64.Build.0 = Release|Any CPU
		{A4601A9F-EC62-449B-A5E3-A48C45FDBFAA}.Release|x86.ActiveCfg = Release|Any CPU
		{A4601A9F-EC62-449B-A5E3-A48C45FDBFAA}.Release|x86.Build.0 = Release|Any CPU
	EndGlobalSection
	GlobalSection(SolutionProperties) = preSolution
		HideSolutionNode = FALSE
	EndGlobalSection
EndGlobal
